{
  "name": "screeps-slowdeath-ai",
  "version": "1.0.0",
  "lockfileVersion": 1,
  "requires": true,
  "dependencies": {
    "@types/lodash": {
      "version": "3.10.4",
      "resolved": "https://registry.npmjs.org/@types/lodash/-/lodash-3.10.4.tgz",
      "integrity": "sha512-RgFRQAdA6xwnxp2t9ntDbutaqVBmk8drUl6nizg6RUU/IN/8W8a+EzcxCOTZdYKeC6RKDXghF8saAD2e5S+DlQ==",
      "dev": true
    },
    "@types/screeps": {
      "version": "3.2.4",
      "resolved": "https://registry.npmjs.org/@types/screeps/-/screeps-3.2.4.tgz",
      "integrity": "sha512-itlqAHdAZ2ZkDFERy3TkmmMIisSXT7tXfEnhhl5N7xNZbNmNs/qgGfCIRchPLIFj0w5EPpj6JurKZ3vpSxaNiQ==",
      "dev": true
    },
    "lodash": {
      "version": "3.10.1",
      "resolved": "https://registry.npmjs.org/lodash/-/lodash-3.10.1.tgz",
      "integrity": "sha1-W/Rejkm6QYnhfUgnid/RW9FAt7Y=",
      "dev": true
    },
    "typescript": {
      "version": "4.5.5",
      "resolved": "https://registry.npmjs.org/typescript/-/typescript-4.5.5.tgz",
      "integrity": "sha512-TCTIul70LyWe6IJWT8QSYeA54WQe8EjQFU4wY52Fasj5UKx88LNYKCgBEHcOMOrFF1rKGbD8v/xcNWVUq9SymA==",
      "dev": true
    }
  }
}
